// !$*UTF8*$!
{
	archiveVersion = 1;
	classes = {
	};
	objectVersion = 56;
	objects = {

/* Begin PBXBuildFile section */
		A10001 = {isa = PBXBuildFile; fileRef = B10001; };
		A10003 = {isa = PBXBuildFile; fileRef = B10003; };
		A10005 = {isa = PBXBuildFile; fileRef = B10005; };
		A10007 = {isa = PBXBuildFile; fileRef = B10007; };
		A10008 = {isa = PBXBuildFile; fileRef = B10008; };
		A10009 = {isa = PBXBuildFile; fileRef = B10009; };
		A10011 = {isa = PBXBuildFile; fileRef = B10011; };
		A10012 = {isa = PBXBuildFile; fileRef = B10012; };
		A10013 = {isa = PBXBuildFile; fileRef = B10013; };
		A10032 = {isa = PBXBuildFile; fileRef = B10032; };
		A10034 = {isa = PBXBuildFile; fileRef = C10002; settings = {ATTRIBUTES = (RemoveHeadersOnCopy, ); }; };
		A10035 = {isa = PBXBuildFile; fileRef = B10034; };
/* End PBXBuildFile section */

/* Begin PBXFileReference section */
		C10001 = {isa = PBXFileReference; explicitFileType = wrapper.application; includeInIndex = 0; path = Mixky.app; sourceTree = BUILT_PRODUCTS_DIR; };
		C10002 = {isa = PBXFileReference; explicitFileType = wrapper.app-extension; includeInIndex = 0; path = MixkyShare.appex; sourceTree = BUILT_PRODUCTS_DIR; };
		B10001 = {isa = PBXFileReference; lastKnownFileType = sourcecode.swift; path = MixkyApp.swift; sourceTree = "<group>"; };
		B10003 = {isa = PBXFileReference; lastKnownFileType = sourcecode.swift; path = MainView.swift; sourceTree = "<group>"; };
		B10005 = {isa = PBXFileReference; lastKnownFileType = sourcecode.swift; path = NotabilityImportView.swift; sourceTree = "<group>"; };
		B10007 = {isa = PBXFileReference; lastKnownFileType = sourcecode.swift; path = SettingsView.swift; sourceTree = "<group>"; };
		B10008 = {isa = PBXFileReference; lastKnownFileType = sourcecode.swift; path = TextCorrectionService.swift; sourceTree = "<group>"; };
		B10009 = {isa = PBXFileReference; lastKnownFileType = sourcecode.swift; path = NotabilityImportService.swift; sourceTree = "<group>"; };
		B10011 = {isa = PBXFileReference; lastKnownFileType = sourcecode.swift; path = PremiumComponents.swift; sourceTree = "<group>"; };
		B10012 = {isa = PBXFileReference; lastKnownFileType = sourcecode.swift; path = Color+Theme.swift; sourceTree = "<group>"; };
		B10013 = {isa = PBXFileReference; lastKnownFileType = folder.assetcatalog; path = Assets.xcassets; sourceTree = "<group>"; };
		B10032 = {isa = PBXFileReference; lastKnownFileType = sourcecode.swift; path = ShareViewController.swift; sourceTree = "<group>"; };
		B10033 = {isa = PBXFileReference; lastKnownFileType = text.plist.xml; path = Info.plist; sourceTree = "<group>"; };
		B10034 = {isa = PBXFileReference; lastKnownFileType = file.storyboard; path = MainInterface.storyboard; sourceTree = "<group>"; };
/* End PBXFileReference section */

/* Begin PBXGroup section */
		D10001 = {
			isa = PBXGroup;
			children = (
				D10002,
				D10010,
			);
			sourceTree = "<group>";
		};
		D10010 = {
			isa = PBXGroup;
			children = (
				C10001,
				C10002,
			);
			name = Products;
			sourceTree = "<group>";
		};
		D10002 = {
			isa = PBXGroup;
			children = (
				B10001,
				D10003,
				D10004,
				D10005,
				D10006,
				D10007,
				B10013,
			);
			path = ILoveSkibidiV2;
			sourceTree = "<group>";
		};
		D10003 = {
			isa = PBXGroup;
			children = (
				B10003,
				B10005,
				B10007,
			);
			path = Views;
			sourceTree = "<group>";
		};
		D10004 = {
			isa = PBXGroup;
			children = (
				B10008,
				B10009,
			);
			path = Services;
			sourceTree = "<group>";
		};
		D10005 = {
			isa = PBXGroup;
			children = (
				B10011,
			);
			path = Components;
			sourceTree = "<group>";
		};
		D10006 = {
			isa = PBXGroup;
			children = (
				B10012,
			);
			path = Extensions;
			sourceTree = "<group>";
		};
		D10007 = {
			isa = PBXGroup;
			children = (
				B10032,
				B10033,
				B10034,
			);
			path = ShareExtension;
			sourceTree = "<group>";
		};
/* End PBXGroup section */

/* Begin PBXNativeTarget section */
		E10001 = {
			isa = PBXNativeTarget;
			buildConfigurationList = F10003;
			buildPhases = (
				E10002,
				E10003,
				E10004,
			);
			buildRules = (
			);
			dependencies = (
				E10005,
			);
			name = Mixky;
			productName = Mixky;
			productReference = C10001;
			productType = "com.apple.product-type.application";
		};
		E10006 = {
			isa = PBXNativeTarget;
			buildConfigurationList = F10004;
			buildPhases = (
				E10007,
				E10008,
			);
			buildRules = (
			);
			dependencies = (
			);
			name = MixkyShare;
			productName = MixkyShare;
			productReference = C10002;
			productType = "com.apple.product-type.app-extension";
		};
/* End PBXNativeTarget section */

/* Begin PBXProject section */
		G10001 = {
			isa = PBXProject;
			attributes = {
				BuildIndependentTargetsInParallel = 1;
				LastSwiftUpdateCheck = 1500;
				LastUpgradeCheck = 1500;
				TargetAttributes = {
					E10001 = {
						CreatedOnToolsVersion = 15.0;
					};
				};
			};
			buildConfigurationList = F10001;
			compatibilityVersion = "Xcode 14.0";
			developmentRegion = "fr";
			hasScannedForEncodings = 0;
			knownRegions = (
				fr,
				en,
				Base,
			);
			mainGroup = D10001;
			productRefGroup = D10010;
			projectDirPath = "";
			projectRoot = "";
			targets = (
				E10001,
				E10006,
			);
		};
/* End PBXProject section */

/* Begin PBXResourcesBuildPhase section */
		E10003 = {
			isa = PBXResourcesBuildPhase;
			buildActionMask = 2147483647;
			files = (
				A10013,
			);
			runOnlyForDeploymentPosturing = 0;
		};
		E10008 = {
			isa = PBXResourcesBuildPhase;
			buildActionMask = 2147483647;
			files = (
				A10035,
			);
			runOnlyForDeploymentPosturing = 0;
		};
/* End PBXResourcesBuildPhase section */

/* Begin PBXSourcesBuildPhase section */
		E10002 = {
			isa = PBXSourcesBuildPhase;
			buildActionMask = 2147483647;
			files = (
				A10001,
				A10003,
				A10005,
				A10007,
				A10008,
				A10009,
				A10011,
				A10012,
			);
			runOnlyForDeploymentPosturing = 0;
		};
		E10007 = {
			isa = PBXSourcesBuildPhase;
			buildActionMask = 2147483647;
			files = (
				A10032,
			);
			runOnlyForDeploymentPosturing = 0;
		};
/* End PBXSourcesBuildPhase section */

/* Begin PBXCopyFilesBuildPhase section */
		E10004 = {
			isa = PBXCopyFilesBuildPhase;
			buildActionMask = 2147483647;
			dstPath = "";
			dstSubfolderSpec = 13;
			files = (
				A10034,
			);
			name = "Embed App Extensions";
			runOnlyForDeploymentPosturing = 0;
		};
/* End PBXCopyFilesBuildPhase section */

/* Begin PBXTargetDependency section */
		E10005 = {
			isa = PBXTargetDependency;
			target = E10006;
			targetProxy = E10009;
		};
/* End PBXTargetDependency section */

/* Begin PBXContainerItemProxy section */
		E10009 = {
			isa = PBXContainerItemProxy;
			containerPortal = G10001;
			proxyType = 1;
			remoteGlobalIDString = E10006;
			remoteInfo = MixkyShare;
		};
/* End PBXContainerItemProxy section */

/* Begin XCBuildConfiguration section */
		H10001 = {
			isa = XCBuildConfiguration;
			buildSettings = {
				ALWAYS_SEARCH_USER_PATHS = NO;
				ASSETCATALOG_COMPILER_APPICON_NAME = AppIcon;
				CLANG_ENABLE_MODULES = YES;
				CODE_SIGN_STYLE = Automatic;
				COMBINE_HIDPI_IMAGES = YES;
				CURRENT_PROJECT_VERSION = 1;
				DEVELOPMENT_TEAM = "";
				ENABLE_PREVIEWS = YES;
				GENERATE_INFOPLIST_FILE = YES;
				INFOPLIST_FILE = ILoveSkibidiV2/Info.plist;
				INFOPLIST_KEY_NSHumanReadableCopyright = "";
				INFOPLIST_KEY_NSMainStoryboardFile = "";
				INFOPLIST_KEY_NSPrincipalClass = NSApplication;
				LD_RUNPATH_SEARCH_PATHS = (
					"$(inherited)",
					"@executable_path/../Frameworks",
				);
				MACOSX_DEPLOYMENT_TARGET = 13.0;
				MARKETING_VERSION = 2.0.0;
				PRODUCT_BUNDLE_IDENTIFIER = com.mixky.app;
				PRODUCT_NAME = "$(TARGET_NAME)";
				SWIFT_EMIT_LOC_STRINGS = YES;
				SWIFT_VERSION = 5.0;
			};
			name = Debug;
		};
		H10002 = {
			isa = XCBuildConfiguration;
			buildSettings = {
				ALWAYS_SEARCH_USER_PATHS = NO;
				ASSETCATALOG_COMPILER_APPICON_NAME = AppIcon;
				CLANG_ENABLE_MODULES = YES;
				CODE_SIGN_STYLE = Automatic;
				COMBINE_HIDPI_IMAGES = YES;
				CURRENT_PROJECT_VERSION = 1;
				DEVELOPMENT_TEAM = "";
				ENABLE_PREVIEWS = YES;
				GENERATE_INFOPLIST_FILE = YES;
				INFOPLIST_FILE = ILoveSkibidiV2/Info.plist;
				INFOPLIST_KEY_NSHumanReadableCopyright = "";
				INFOPLIST_KEY_NSMainStoryboardFile = "";
				INFOPLIST_KEY_NSPrincipalClass = NSApplication;
				LD_RUNPATH_SEARCH_PATHS = (
					"$(inherited)",
					"@executable_path/../Frameworks",
				);
				MACOSX_DEPLOYMENT_TARGET = 13.0;
				MARKETING_VERSION = 2.0.0;
				PRODUCT_BUNDLE_IDENTIFIER = com.mixky.app;
				PRODUCT_NAME = "$(TARGET_NAME)";
				SWIFT_EMIT_LOC_STRINGS = YES;
				SWIFT_VERSION = 5.0;
			};
			name = Release;
		};
		H10003 = {
			isa = XCBuildConfiguration;
			buildSettings = {
				ALWAYS_SEARCH_USER_PATHS = NO;
				ASSETCATALOG_COMPILER_APPICON_NAME = AppIcon;
				CLANG_ENABLE_MODULES = YES;
				CODE_SIGN_STYLE = Automatic;
				COMBINE_HIDPI_IMAGES = YES;
				CURRENT_PROJECT_VERSION = 1;
				DEVELOPMENT_TEAM = "";
				ENABLE_PREVIEWS = YES;
				GENERATE_INFOPLIST_FILE = YES;
				INFOPLIST_FILE = ILoveSkibidiV2/Info.plist;
				INFOPLIST_KEY_NSHumanReadableCopyright = "";
				INFOPLIST_KEY_NSMainStoryboardFile = "";
				INFOPLIST_KEY_NSPrincipalClass = NSApplication;
				LD_RUNPATH_SEARCH_PATHS = (
					"$(inherited)",
					"@executable_path/../Frameworks",
				);
				MACOSX_DEPLOYMENT_TARGET = 13.0;
				MARKETING_VERSION = 2.0.0;
				PRODUCT_BUNDLE_IDENTIFIER = com.mixky.app;
				PRODUCT_NAME = "$(TARGET_NAME)";
				SWIFT_EMIT_LOC_STRINGS = YES;
				SWIFT_VERSION = 5.0;
			};
			name = Debug;
		};
		H10004 = {
			isa = XCBuildConfiguration;
			buildSettings = {
				ALWAYS_SEARCH_USER_PATHS = NO;
				ASSETCATALOG_COMPILER_APPICON_NAME = AppIcon;
				CLANG_ENABLE_MODULES = YES;
				CODE_SIGN_STYLE = Automatic;
				COMBINE_HIDPI_IMAGES = YES;
				CURRENT_PROJECT_VERSION = 1;
				DEVELOPMENT_TEAM = "";
				ENABLE_PREVIEWS = YES;
				GENERATE_INFOPLIST_FILE = YES;
				INFOPLIST_FILE = ILoveSkibidiV2/Info.plist;
				INFOPLIST_KEY_NSHumanReadableCopyright = "";
				INFOPLIST_KEY_NSMainStoryboardFile = "";
				INFOPLIST_KEY_NSPrincipalClass = NSApplication;
				LD_RUNPATH_SEARCH_PATHS = (
					"$(inherited)",
					"@executable_path/../Frameworks",
				);
				MACOSX_DEPLOYMENT_TARGET = 13.0;
				MARKETING_VERSION = 2.0.0;
				PRODUCT_BUNDLE_IDENTIFIER = com.mixky.app;
				PRODUCT_NAME = "$(TARGET_NAME)";
				SWIFT_EMIT_LOC_STRINGS = YES;
				SWIFT_VERSION = 5.0;
			};
			name = Release;
		};
		H10005 = {
			isa = XCBuildConfiguration;
			buildSettings = {
				CODE_SIGN_ENTITLEMENTS = "";
				CODE_SIGN_STYLE = Automatic;
				DEVELOPMENT_TEAM = "";
				INFOPLIST_FILE = ILoveSkibidiV2/ShareExtension/Info.plist;
				LD_RUNPATH_SEARCH_PATHS = (
					"$(inherited)",
					"@executable_path/../Frameworks",
					"@executable_path/../../Frameworks",
				);
				MACOSX_DEPLOYMENT_TARGET = 13.0;
				PRODUCT_BUNDLE_IDENTIFIER = com.mixky.app.share;
				PRODUCT_NAME = "$(TARGET_NAME)";
				SKIP_INSTALL = YES;
				SWIFT_EMIT_LOC_STRINGS = YES;
				SWIFT_VERSION = 5.0;
			};
			name = Debug;
		};
		H10006 = {
			isa = XCBuildConfiguration;
			buildSettings = {
				CODE_SIGN_ENTITLEMENTS = "";
				CODE_SIGN_STYLE = Automatic;
				DEVELOPMENT_TEAM = "";
				INFOPLIST_FILE = ILoveSkibidiV2/ShareExtension/Info.plist;
				LD_RUNPATH_SEARCH_PATHS = (
					"$(inherited)",
					"@executable_path/../Frameworks",
					"@executable_path/../../Frameworks",
				);
				MACOSX_DEPLOYMENT_TARGET = 13.0;
				PRODUCT_BUNDLE_IDENTIFIER = com.mixky.app.share;
				PRODUCT_NAME = "$(TARGET_NAME)";
				SKIP_INSTALL = YES;
				SWIFT_EMIT_LOC_STRINGS = YES;
				SWIFT_VERSION = 5.0;
			};
			name = Release;
		};
/* End XCBuildConfiguration section */

/* Begin XCConfigurationList section */
		F10001 = {
			isa = XCConfigurationList;
			buildConfigurations = (
				H10001,
				H10002,
			);
			defaultConfigurationIsVisible = 0;
			defaultConfigurationName = Debug;
		};
		F10003 = {
			isa = XCConfigurationList;
			buildConfigurations = (
				H10003,
				H10004,
			);
			defaultConfigurationIsVisible = 0;
			defaultConfigurationName = Debug;
		};
		F10004 = {
			isa = XCConfigurationList;
			buildConfigurations = (
				H10005,
				H10006,
			);
			defaultConfigurationIsVisible = 0;
			defaultConfigurationName = Debug;
		};
/* End XCConfigurationList section */
	};
	rootObject = G10001;
}
